// !$*UTF8*$!
{
	archiveVersion = 1;
	classes = {
	};
	objectVersion = 51;
	objects = {

/* Begin PBXBuildFile section */
		45DF63EE246A3D6200B5A549 /* AppDelegate.swift in Sources */ = {isa = PBXBuildFile; fileRef = 45DF63ED246A3D6200B5A549 /* AppDelegate.swift */; };
		45DF63F0246A3D6200B5A549 /* SceneDelegate.swift in Sources */ = {isa = PBXBuildFile; fileRef = 45DF63EF246A3D6200B5A549 /* SceneDelegate.swift */; };
		45DF63F2246A3D6200B5A549 /* ViewController.swift in Sources */ = {isa = PBXBuildFile; fileRef = 45DF63F1246A3D6200B5A549 /* ViewController.swift */; };
		45DF63F5246A3D6200B5A549 /* Main.storyboard in Resources */ = {isa = PBXBuildFile; fileRef = 45DF63F3246A3D6200B5A549 /* Main.storyboard */; };
		45DF63F7246A3D6600B5A549 /* Assets.xcassets in Resources */ = {isa = PBXBuildFile; fileRef = 45DF63F6246A3D6600B5A549 /* Assets.xcassets */; };
		45DF63FA246A3D6600B5A549 /* LaunchScreen.storyboard in Resources */ = {isa = PBXBuildFile; fileRef = 45DF63F8246A3D6600B5A549 /* LaunchScreen.storyboard */; };
		45DF6405246A3D6600B5A549 /* ParstagramTests.swift in Sources */ = {isa = PBXBuildFile; fileRef = 45DF6404246A3D6600B5A549 /* ParstagramTests.swift */; };
		45DF6410246A3D6600B5A549 /* ParstagramUITests.swift in Sources */ = {isa = PBXBuildFile; fileRef = 45DF640F246A3D6600B5A549 /* ParstagramUITests.swift */; };
		45DF641E246A4EA900B5A549 /* LoginViewController.swift in Sources */ = {isa = PBXBuildFile; fileRef = 45DF641D246A4EA900B5A549 /* LoginViewController.swift */; };
		45DF6420246A4EB800B5A549 /* FeedViewController.swift in Sources */ = {isa = PBXBuildFile; fileRef = 45DF641F246A4EB800B5A549 /* FeedViewController.swift */; };
		45DF6422246A58F500B5A549 /* CameraViewController.swift in Sources */ = {isa = PBXBuildFile; fileRef = 45DF6421246A58F500B5A549 /* CameraViewController.swift */; };
		45DF6424246A6ACB00B5A549 /* PostCell.swift in Sources */ = {isa = PBXBuildFile; fileRef = 45DF6423246A6ACB00B5A549 /* PostCell.swift */; };
		45F1C10C24721EC700B708DB /* CommentCell.swift in Sources */ = {isa = PBXBuildFile; fileRef = 45F1C10B24721EC700B708DB /* CommentCell.swift */; };
		703BCAD09D9C935DB93E88F4 /* Pods_ParstagramTests.framework in Frameworks */ = {isa = PBXBuildFile; fileRef = 237E6BD2CED545C9D1947EBD /* Pods_ParstagramTests.framework */; };
		B7B5B679F4A8E24AA1AAAEAA /* Pods_Parstagram.framework in Frameworks */ = {isa = PBXBuildFile; fileRef = A16F10632F7D641A611847F4 /* Pods_Parstagram.framework */; };
		B9EACB9199AF81048D7C0B17 /* Pods_Parstagram_ParstagramUITests.framework in Frameworks */ = {isa = PBXBuildFile; fileRef = F65CFF8FF23A43930CC66667 /* Pods_Parstagram_ParstagramUITests.framework */; };
/* End PBXBuildFile section */

/* Begin PBXContainerItemProxy section */
		45DF6401246A3D6600B5A549 /* PBXContainerItemProxy */ = {
			isa = PBXContainerItemProxy;
			containerPortal = 45DF63E2246A3D6100B5A549 /* Project object */;
			proxyType = 1;
			remoteGlobalIDString = 45DF63E9246A3D6200B5A549;
			remoteInfo = Parstagram;
		};
		45DF640C246A3D6600B5A549 /* PBXContainerItemProxy */ = {
			isa = PBXContainerItemProxy;
			containerPortal = 45DF63E2246A3D6100B5A549 /* Project object */;
			proxyType = 1;
			remoteGlobalIDString = 45DF63E9246A3D6200B5A549;
			remoteInfo = Parstagram;
		};
/* End PBXContainerItemProxy section */

/* Begin PBXFileReference section */
		084FD116EAA23FA86C88F081 /* Pods-Parstagram.debug.xcconfig */ = {isa = PBXFileReference; includeInIndex = 1; lastKnownFileType = text.xcconfig; name = "Pods-Parstagram.debug.xcconfig"; path = "Target Support Files/Pods-Parstagram/Pods-Parstagram.debug.xcconfig"; sourceTree = "<group>"; };
		1442753E50B94474D2CA39B1 /* Pods-Parstagram-ParstagramUITests.release.xcconfig */ = {isa = PBXFileReference; includeInIndex = 1; lastKnownFileType = text.xcconfig; name = "Pods-Parstagram-ParstagramUITests.release.xcconfig"; path = "Target Support Files/Pods-Parstagram-ParstagramUITests/Pods-Parstagram-ParstagramUITests.release.xcconfig"; sourceTree = "<group>"; };
		237E6BD2CED545C9D1947EBD /* Pods_ParstagramTests.framework */ = {isa = PBXFileReference; explicitFileType = wrapper.framework; includeInIndex = 0; path = Pods_ParstagramTests.framework; sourceTree = BUILT_PRODUCTS_DIR; };
		45DF63EA246A3D6200B5A549 /* Parstagram.app */ = {isa = PBXFileReference; explicitFileType = wrapper.application; includeInIndex = 0; path = Parstagram.app; sourceTree = BUILT_PRODUCTS_DIR; };
		45DF63ED246A3D6200B5A549 /* AppDelegate.swift */ = {isa = PBXFileReference; lastKnownFileType = sourcecode.swift; path = AppDelegate.swift; sourceTree = "<group>"; };
		45DF63EF246A3D6200B5A549 /* SceneDelegate.swift */ = {isa = PBXFileReference; lastKnownFileType = sourcecode.swift; path = SceneDelegate.swift; sourceTree = "<group>"; };
		45DF63F1246A3D6200B5A549 /* ViewController.swift */ = {isa = PBXFileReference; lastKnownFileType = sourcecode.swift; path = ViewController.swift; sourceTree = "<group>"; };
		45DF63F4246A3D6200B5A549 /* Base */ = {isa = PBXFileReference; lastKnownFileType = file.storyboard; name = Base; path = Base.lproj/Main.storyboard; sourceTree = "<group>"; };
		45DF63F6246A3D6600B5A549 /* Assets.xcassets */ = {isa = PBXFileReference; lastKnownFileType = folder.assetcatalog; path = Assets.xcassets; sourceTree = "<group>"; };
		45DF63F9246A3D6600B5A549 /* Base */ = {isa = PBXFileReference; lastKnownFileType = file.storyboard; name = Base; path = Base.lproj/LaunchScreen.storyboard; sourceTree = "<group>"; };
		45DF63FB246A3D6600B5A549 /* Info.plist */ = {isa = PBXFileReference; lastKnownFileType = text.plist.xml; path = Info.plist; sourceTree = "<group>"; };
		45DF6400246A3D6600B5A549 /* ParstagramTests.xctest */ = {isa = PBXFileReference; explicitFileType = wrapper.cfbundle; includeInIndex = 0; path = ParstagramTests.xctest; sourceTree = BUILT_PRODUCTS_DIR; };
		45DF6404246A3D6600B5A549 /* ParstagramTests.swift */ = {isa = PBXFileReference; lastKnownFileType = sourcecode.swift; path = ParstagramTests.swift; sourceTree = "<group>"; };
		45DF6406246A3D6600B5A549 /* Info.plist */ = {isa = PBXFileReference; lastKnownFileType = text.plist.xml; path = Info.plist; sourceTree = "<group>"; };
		45DF640B246A3D6600B5A549 /* ParstagramUITests.xctest */ = {isa = PBXFileReference; explicitFileType = wrapper.cfbundle; includeInIndex = 0; path = ParstagramUITests.xctest; sourceTree = BUILT_PRODUCTS_DIR; };
		45DF640F246A3D6600B5A549 /* ParstagramUITests.swift */ = {isa = PBXFileReference; lastKnownFileType = sourcecode.swift; path = ParstagramUITests.swift; sourceTree = "<group>"; };
		45DF6411246A3D6600B5A549 /* Info.plist */ = {isa = PBXFileReference; lastKnownFileType = text.plist.xml; path = Info.plist; sourceTree = "<group>"; };
		45DF641D246A4EA900B5A549 /* LoginViewController.swift */ = {isa = PBXFileReference; lastKnownFileType = sourcecode.swift; path = LoginViewController.swift; sourceTree = "<group>"; };
		45DF641F246A4EB800B5A549 /* FeedViewController.swift */ = {isa = PBXFileReference; lastKnownFileType = sourcecode.swift; path = FeedViewController.swift; sourceTree = "<group>"; };
		45DF6421246A58F500B5A549 /* CameraViewController.swift */ = {isa = PBXFileReference; lastKnownFileType = sourcecode.swift; path = CameraViewController.swift; sourceTree = "<group>"; };
		45DF6423246A6ACB00B5A549 /* PostCell.swift */ = {isa = PBXFileReference; lastKnownFileType = sourcecode.swift; path = PostCell.swift; sourceTree = "<group>"; };
		45F1C10B24721EC700B708DB /* CommentCell.swift */ = {isa = PBXFileReference; lastKnownFileType = sourcecode.swift; path = CommentCell.swift; sourceTree = "<group>"; };
		A16F10632F7D641A611847F4 /* Pods_Parstagram.framework */ = {isa = PBXFileReference; explicitFileType = wrapper.framework; includeInIndex = 0; path = Pods_Parstagram.framework; sourceTree = BUILT_PRODUCTS_DIR; };
		C46286828D72D92C96AA9DA4 /* Pods-Parstagram-ParstagramUITests.debug.xcconfig */ = {isa = PBXFileReference; includeInIndex = 1; lastKnownFileType = text.xcconfig; name = "Pods-Parstagram-ParstagramUITests.debug.xcconfig"; path = "Target Support Files/Pods-Parstagram-ParstagramUITests/Pods-Parstagram-ParstagramUITests.debug.xcconfig"; sourceTree = "<group>"; };
		E99B9646E1D5B2918F41D987 /* Pods-ParstagramTests.debug.xcconfig */ = {isa = PBXFileReference; includeInIndex = 1; lastKnownFileType = text.xcconfig; name = "Pods-ParstagramTests.debug.xcconfig"; path = "Target Support Files/Pods-ParstagramTests/Pods-ParstagramTests.debug.xcconfig"; sourceTree = "<group>"; };
		EA2670AC6D96D4F1255446A6 /* Pods-ParstagramTests.release.xcconfig */ = {isa = PBXFileReference; includeInIndex = 1; lastKnownFileType = text.xcconfig; name = "Pods-ParstagramTests.release.xcconfig"; path = "Target Support Files/Pods-ParstagramTests/Pods-ParstagramTests.release.xcconfig"; sourceTree = "<group>"; };
		F65CFF8FF23A43930CC66667 /* Pods_Parstagram_ParstagramUITests.framework */ = {isa = PBXFileReference; explicitFileType = wrapper.framework; includeInIndex = 0; path = Pods_Parstagram_ParstagramUITests.framework; sourceTree = BUILT_PRODUCTS_DIR; };
		FABEE9AF9CCF9CCC7BEA0204 /* Pods-Parstagram.release.xcconfig */ = {isa = PBXFileReference; includeInIndex = 1; lastKnownFileType = text.xcconfig; name = "Pods-Parstagram.release.xcconfig"; path = "Target Support Files/Pods-Parstagram/Pods-Parstagram.release.xcconfig"; sourceTree = "<group>"; };
/* End PBXFileReference section */

/* Begin PBXFrameworksBuildPhase section */
		45DF63E7246A3D6200B5A549 /* Frameworks */ = {
			isa = PBXFrameworksBuildPhase;
			buildActionMask = 2147483647;
			files = (
				B7B5B679F4A8E24AA1AAAEAA /* Pods_Parstagram.framework in Frameworks */,
			);
			runOnlyForDeploymentPostprocessing = 0;
		};
		45DF63FD246A3D6600B5A549 /* Frameworks */ = {
			isa = PBXFrameworksBuildPhase;
			buildActionMask = 2147483647;
			files = (
				703BCAD09D9C935DB93E88F4 /* Pods_ParstagramTests.framework in Frameworks */,
			);
			runOnlyForDeploymentPostprocessing = 0;
		};
		45DF6408246A3D6600B5A549 /* Frameworks */ = {
			isa = PBXFrameworksBuildPhase;
			buildActionMask = 2147483647;
			files = (
				B9EACB9199AF81048D7C0B17 /* Pods_Parstagram_ParstagramUITests.framework in Frameworks */,
			);
			runOnlyForDeploymentPostprocessing = 0;
		};
/* End PBXFrameworksBuildPhase section */

/* Begin PBXGroup section */
		364E1E63A8DC855C95BFC2F1 /* Pods */ = {
			isa = PBXGroup;
			children = (
				084FD116EAA23FA86C88F081 /* Pods-Parstagram.debug.xcconfig */,
				FABEE9AF9CCF9CCC7BEA0204 /* Pods-Parstagram.release.xcconfig */,
				C46286828D72D92C96AA9DA4 /* Pods-Parstagram-ParstagramUITests.debug.xcconfig */,
				1442753E50B94474D2CA39B1 /* Pods-Parstagram-ParstagramUITests.release.xcconfig */,
				E99B9646E1D5B2918F41D987 /* Pods-ParstagramTests.debug.xcconfig */,
				EA2670AC6D96D4F1255446A6 /* Pods-ParstagramTests.release.xcconfig */,
			);
			path = Pods;
			sourceTree = "<group>";
		};
		45DF63E1246A3D6100B5A549 = {
			isa = PBXGroup;
			children = (
				45DF63EC246A3D6200B5A549 /* Parstagram */,
				45DF6403246A3D6600B5A549 /* ParstagramTests */,
				45DF640E246A3D6600B5A549 /* ParstagramUITests */,
				45DF63EB246A3D6200B5A549 /* Products */,
				364E1E63A8DC855C95BFC2F1 /* Pods */,
				882EF3DD93A2B3EA8E32988F /* Frameworks */,
			);
			sourceTree = "<group>";
		};
		45DF63EB246A3D6200B5A549 /* Products */ = {
			isa = PBXGroup;
			children = (
				45DF63EA246A3D6200B5A549 /* Parstagram.app */,
				45DF6400246A3D6600B5A549 /* ParstagramTests.xctest */,
				45DF640B246A3D6600B5A549 /* ParstagramUITests.xctest */,
			);
			name = Products;
			sourceTree = "<group>";
		};
		45DF63EC246A3D6200B5A549 /* Parstagram */ = {
			isa = PBXGroup;
			children = (
				45DF63ED246A3D6200B5A549 /* AppDelegate.swift */,
				45DF63EF246A3D6200B5A549 /* SceneDelegate.swift */,
				45DF63F1246A3D6200B5A549 /* ViewController.swift */,
				45DF63F3246A3D6200B5A549 /* Main.storyboard */,
				45F1C10B24721EC700B708DB /* CommentCell.swift */,
				45DF6423246A6ACB00B5A549 /* PostCell.swift */,
				45DF6421246A58F500B5A549 /* CameraViewController.swift */,
				45DF641D246A4EA900B5A549 /* LoginViewController.swift */,
				45DF641F246A4EB800B5A549 /* FeedViewController.swift */,
				45DF63F6246A3D6600B5A549 /* Assets.xcassets */,
				45DF63F8246A3D6600B5A549 /* LaunchScreen.storyboard */,
				45DF63FB246A3D6600B5A549 /* Info.plist */,
			);
			path = Parstagram;
			sourceTree = "<group>";
		};
		45DF6403246A3D6600B5A549 /* ParstagramTests */ = {
			isa = PBXGroup;
			children = (
				45DF6404246A3D6600B5A549 /* ParstagramTests.swift */,
				45DF6406246A3D6600B5A549 /* Info.plist */,
			);
			path = ParstagramTests;
			sourceTree = "<group>";
		};
		45DF640E246A3D6600B5A549 /* ParstagramUITests */ = {
			isa = PBXGroup;
			children = (
				45DF640F246A3D6600B5A549 /* ParstagramUITests.swift */,
				45DF6411246A3D6600B5A549 /* Info.plist */,
			);
			path = ParstagramUITests;
			sourceTree = "<group>";
		};
		882EF3DD93A2B3EA8E32988F /* Frameworks */ = {
			isa = PBXGroup;
			children = (
				A16F10632F7D641A611847F4 /* Pods_Parstagram.framework */,
				F65CFF8FF23A43930CC66667 /* Pods_Parstagram_ParstagramUITests.framework */,
				237E6BD2CED545C9D1947EBD /* Pods_ParstagramTests.framework */,
			);
			name = Frameworks;
			sourceTree = "<group>";
		};
/* End PBXGroup section */

/* Begin PBXNativeTarget section */
		45DF63E9246A3D6200B5A549 /* Parstagram */ = {
			isa = PBXNativeTarget;
			buildConfigurationList = 45DF6414246A3D6600B5A549 /* Build configuration list for PBXNativeTarget "Parstagram" */;
			buildPhases = (
				EC794057AC2C450EAD6DD0E3 /* [CP] Check Pods Manifest.lock */,
				45DF63E6246A3D6200B5A549 /* Sources */,
				45DF63E7246A3D6200B5A549 /* Frameworks */,
				45DF63E8246A3D6200B5A549 /* Resources */,
				E19C6AC82F11D8CA58E99C8E /* [CP] Embed Pods Frameworks */,
			);
			buildRules = (
			);
			dependencies = (
			);
			name = Parstagram;
			productName = Parstagram;
			productReference = 45DF63EA246A3D6200B5A549 /* Parstagram.app */;
			productType = "com.apple.product-type.application";
		};
		45DF63FF246A3D6600B5A549 /* ParstagramTests */ = {
			isa = PBXNativeTarget;
			buildConfigurationList = 45DF6417246A3D6600B5A549 /* Build configuration list for PBXNativeTarget "ParstagramTests" */;
			buildPhases = (
				622024607EDE76D90CE813B6 /* [CP] Check Pods Manifest.lock */,
				45DF63FC246A3D6600B5A549 /* Sources */,
				45DF63FD246A3D6600B5A549 /* Frameworks */,
				45DF63FE246A3D6600B5A549 /* Resources */,
			);
			buildRules = (
			);
			dependencies = (
				45DF6402246A3D6600B5A549 /* PBXTargetDependency */,
			);
			name = ParstagramTests;
			productName = ParstagramTests;
			productReference = 45DF6400246A3D6600B5A549 /* ParstagramTests.xctest */;
			productType = "com.apple.product-type.bundle.unit-test";
		};
		45DF640A246A3D6600B5A549 /* ParstagramUITests */ = {
			isa = PBXNativeTarget;
			buildConfigurationList = 45DF641A246A3D6600B5A549 /* Build configuration list for PBXNativeTarget "ParstagramUITests" */;
			buildPhases = (
				7319440DECD22A85DAF977E9 /* [CP] Check Pods Manifest.lock */,
				45DF6407246A3D6600B5A549 /* Sources */,
				45DF6408246A3D6600B5A549 /* Frameworks */,
				45DF6409246A3D6600B5A549 /* Resources */,
				1AE62B73ABA130328913A3DD /* [CP] Embed Pods Frameworks */,
			);
			buildRules = (
			);
			dependencies = (
				45DF640D246A3D6600B5A549 /* PBXTargetDependency */,
			);
			name = ParstagramUITests;
			productName = ParstagramUITests;
			productReference = 45DF640B246A3D6600B5A549 /* ParstagramUITests.xctest */;
			productType = "com.apple.product-type.bundle.ui-testing";
		};
/* End PBXNativeTarget section */

/* Begin PBXProject section */
		45DF63E2246A3D6100B5A549 /* Project object */ = {
			isa = PBXProject;
			attributes = {
				LastSwiftUpdateCheck = 1140;
				LastUpgradeCheck = 1140;
				ORGANIZATIONNAME = "Angelo Basa";
				TargetAttributes = {
					45DF63E9246A3D6200B5A549 = {
						CreatedOnToolsVersion = 11.4;
					};
					45DF63FF246A3D6600B5A549 = {
						CreatedOnToolsVersion = 11.4;
						TestTargetID = 45DF63E9246A3D6200B5A549;
					};
					45DF640A246A3D6600B5A549 = {
						CreatedOnToolsVersion = 11.4;
						TestTargetID = 45DF63E9246A3D6200B5A549;
					};
				};
			};
			buildConfigurationList = 45DF63E5246A3D6100B5A549 /* Build configuration list for PBXProject "Parstagram" */;
			compatibilityVersion = "Xcode 9.3";
			developmentRegion = en;
			hasScannedForEncodings = 0;
			knownRegions = (
				en,
				Base,
			);
			mainGroup = 45DF63E1246A3D6100B5A549;
			productRefGroup = 45DF63EB246A3D6200B5A549 /* Products */;
			projectDirPath = "";
			projectRoot = "";
			targets = (
				45DF63E9246A3D6200B5A549 /* Parstagram */,
				45DF63FF246A3D6600B5A549 /* ParstagramTests */,
				45DF640A246A3D6600B5A549 /* ParstagramUITests */,
			);
		};
/* End PBXProject section */

/* Begin PBXResourcesBuildPhase section */
		45DF63E8246A3D6200B5A549 /* Resources */ = {
			isa = PBXResourcesBuildPhase;
			buildActionMask = 2147483647;
			files = (
				45DF63FA246A3D6600B5A549 /* LaunchScreen.storyboard in Resources */,
				45DF63F7246A3D6600B5A549 /* Assets.xcassets in Resources */,
				45DF63F5246A3D6200B5A549 /* Main.storyboard in Resources */,
			);
			runOnlyForDeploymentPostprocessing = 0;
		};
		45DF63FE246A3D6600B5A549 /* Resources */ = {
			isa = PBXResourcesBuildPhase;
			buildActionMask = 2147483647;
			files = (
			);
			runOnlyForDeploymentPostprocessing = 0;
		};
		45DF6409246A3D6600B5A549 /* Resources */ = {
			isa = PBXResourcesBuildPhase;
			buildActionMask = 2147483647;
			files = (
			);
			runOnlyForDeploymentPostprocessing = 0;
		};
/* End PBXResourcesBuildPhase section */

/* Begin PBXShellScriptBuildPhase section */
		1AE62B73ABA130328913A3DD /* [CP] Embed Pods Frameworks */ = {
			isa = PBXShellScriptBuildPhase;
			buildActionMask = 2147483647;
			files = (
			);
			inputFileListPaths = (
				"${PODS_ROOT}/Target Support Files/Pods-Parstagram-ParstagramUITests/Pods-Parstagram-ParstagramUITests-frameworks-${CONFIGURATION}-input-files.xcfilelist",
			);
			name = "[CP] Embed Pods Frameworks";
			outputFileListPaths = (
				"${PODS_ROOT}/Target Support Files/Pods-Parstagram-ParstagramUITests/Pods-Parstagram-ParstagramUITests-frameworks-${CONFIGURATION}-output-files.xcfilelist",
			);
			runOnlyForDeploymentPostprocessing = 0;
			shellPath = /bin/sh;
			shellScript = "\"${PODS_ROOT}/Target Support Files/Pods-Parstagram-ParstagramUITests/Pods-Parstagram-ParstagramUITests-frameworks.sh\"\n";
			showEnvVarsInLog = 0;
		};
		622024607EDE76D90CE813B6 /* [CP] Check Pods Manifest.lock */ = {
			isa = PBXShellScriptBuildPhase;
			buildActionMask = 2147483647;
			files = (
			);
			inputFileListPaths = (
			);
			inputPaths = (
				"${PODS_PODFILE_DIR_PATH}/Podfile.lock",
				"${PODS_ROOT}/Manifest.lock",
			);
			name = "[CP] Check Pods Manifest.lock";
			outputFileListPaths = (
			);
			outputPaths = (
				"$(DERIVED_FILE_DIR)/Pods-ParstagramTests-checkManifestLockResult.txt",
			);
			runOnlyForDeploymentPostprocessing = 0;
			shellPath = /bin/sh;
			shellScript = "diff \"${PODS_PODFILE_DIR_PATH}/Podfile.lock\" \"${PODS_ROOT}/Manifest.lock\" > /dev/null\nif [ $? != 0 ] ; then\n    # print error to STDERR\n    echo \"error: The sandbox is not in sync with the Podfile.lock. Run 'pod install' or update your CocoaPods installation.\" >&2\n    exit 1\nfi\n# This output is used by Xcode 'outputs' to avoid re-running this script phase.\necho \"SUCCESS\" > \"${SCRIPT_OUTPUT_FILE_0}\"\n";
			showEnvVarsInLog = 0;
		};
		7319440DECD22A85DAF977E9 /* [CP] Check Pods Manifest.lock */ = {
			isa = PBXShellScriptBuildPhase;
			buildActionMask = 2147483647;
			files = (
			);
			inputFileListPaths = (
			);
			inputPaths = (
				"${PODS_PODFILE_DIR_PATH}/Podfile.lock",
				"${PODS_ROOT}/Manifest.lock",
			);
			name = "[CP] Check Pods Manifest.lock";
			outputFileListPaths = (
			);
			outputPaths = (
				"$(DERIVED_FILE_DIR)/Pods-Parstagram-ParstagramUITests-checkManifestLockResult.txt",
			);
			runOnlyForDeploymentPostprocessing = 0;
			shellPath = /bin/sh;
			shellScript = "diff \"${PODS_PODFILE_DIR_PATH}/Podfile.lock\" \"${PODS_ROOT}/Manifest.lock\" > /dev/null\nif [ $? != 0 ] ; then\n    # print error to STDERR\n    echo \"error: The sandbox is not in sync with the Podfile.lock. Run 'pod install' or update your CocoaPods installation.\" >&2\n    exit 1\nfi\n# This output is used by Xcode 'outputs' to avoid re-running this script phase.\necho \"SUCCESS\" > \"${SCRIPT_OUTPUT_FILE_0}\"\n";
			showEnvVarsInLog = 0;
		};
		E19C6AC82F11D8CA58E99C8E /* [CP] Embed Pods Frameworks */ = {
			isa = PBXShellScriptBuildPhase;
			buildActionMask = 2147483647;
			files = (
			);
			inputFileListPaths = (
				"${PODS_ROOT}/Target Support Files/Pods-Parstagram/Pods-Parstagram-frameworks-${CONFIGURATION}-input-files.xcfilelist",
			);
			name = "[CP] Embed Pods Frameworks";
			outputFileListPaths = (
				"${PODS_ROOT}/Target Support Files/Pods-Parstagram/Pods-Parstagram-frameworks-${CONFIGURATION}-output-files.xcfilelist",
			);
			runOnlyForDeploymentPostprocessing = 0;
			shellPath = /bin/sh;
			shellScript = "\"${PODS_ROOT}/Target Support Files/Pods-Parstagram/Pods-Parstagram-frameworks.sh\"\n";
			showEnvVarsInLog = 0;
		};
		EC794057AC2C450EAD6DD0E3 /* [CP] Check Pods Manifest.lock */ = {
			isa = PBXShellScriptBuildPhase;
			buildActionMask = 2147483647;
			files = (
			);
			inputFileListPaths = (
			);
			inputPaths = (
				"${PODS_PODFILE_DIR_PATH}/Podfile.lock",
				"${PODS_ROOT}/Manifest.lock",
			);
			name = "[CP] Check Pods Manifest.lock";
			outputFileListPaths = (
			);
			outputPaths = (
				"$(DERIVED_FILE_DIR)/Pods-Parstagram-checkManifestLockResult.txt",
			);
			runOnlyForDeploymentPostprocessing = 0;
			shellPath = /bin/sh;
			shellScript = "diff \"${PODS_PODFILE_DIR_PATH}/Podfile.lock\" \"${PODS_ROOT}/Manifest.lock\" > /dev/null\nif [ $? != 0 ] ; then\n    # print error to STDERR\n    echo \"error: The sandbox is not in sync with the Podfile.lock. Run 'pod install' or update your CocoaPods installation.\" >&2\n    exit 1\nfi\n# This output is used by Xcode 'outputs' to avoid re-running this script phase.\necho \"SUCCESS\" > \"${SCRIPT_OUTPUT_FILE_0}\"\n";
			showEnvVarsInLog = 0;
		};
/* End PBXShellScriptBuildPhase section */

/* Begin PBXSourcesBuildPhase section */
		45DF63E6246A3D6200B5A549 /* Sources */ = {
			isa = PBXSourcesBuildPhase;
			buildActionMask = 2147483647;
			files = (
				45DF6424246A6ACB00B5A549 /* PostCell.swift in Sources */,
				45DF641E246A4EA900B5A549 /* LoginViewController.swift in Sources */,
				45DF63F2246A3D6200B5A549 /* ViewController.swift in Sources */,
				45DF6420246A4EB800B5A549 /* FeedViewController.swift in Sources */,
				45DF63EE246A3D6200B5A549 /* AppDelegate.swift in Sources */,
				45DF63F0246A3D6200B5A549 /* SceneDelegate.swift in Sources */,
				45DF6422246A58F500B5A549 /* CameraViewController.swift in Sources */,
				45F1C10C24721EC700B708DB /* CommentCell.swift in Sources */,
			);
			runOnlyForDeploymentPostprocessing = 0;
		};
		45DF63FC246A3D6600B5A549 /* Sources */ = {
			isa = PBXSourcesBuildPhase;
			buildActionMask = 2147483647;
			files = (
				45DF6405246A3D6600B5A549 /* ParstagramTests.swift in Sources */,
			);
			runOnlyForDeploymentPostprocessing = 0;
		};
		45DF6407246A3D6600B5A549 /* Sources */ = {
			isa = PBXSourcesBuildPhase;
			buildActionMask = 2147483647;
			files = (
				45DF6410246A3D6600B5A549 /* ParstagramUITests.swift in Sources */,
			);
			runOnlyForDeploymentPostprocessing = 0;
		};
/* End PBXSourcesBuildPhase section */

/* Begin PBXTargetDependency section */
		45DF6402246A3D6600B5A549 /* PBXTargetDependency */ = {
			isa = PBXTargetDependency;
			target = 45DF63E9246A3D6200B5A549 /* Parstagram */;
			targetProxy = 45DF6401246A3D6600B5A549 /* PBXContainerItemProxy */;
		};
		45DF640D246A3D6600B5A549 /* PBXTargetDependency */ = {
			isa = PBXTargetDependency;
			target = 45DF63E9246A3D6200B5A549 /* Parstagram */;
			targetProxy = 45DF640C246A3D6600B5A549 /* PBXContainerItemProxy */;
		};
/* End PBXTargetDependency section */

/* Begin PBXVariantGroup section */
		45DF63F3246A3D6200B5A549 /* Main.storyboard */ = {
			isa = PBXVariantGroup;
			children = (
				45DF63F4246A3D6200B5A549 /* Base */,
			);
			name = Main.storyboard;
			sourceTree = "<group>";
		};
		45DF63F8246A3D6600B5A549 /* LaunchScreen.storyboard */ = {
			isa = PBXVariantGroup;
			children = (
				45DF63F9246A3D6600B5A549 /* Base */,
			);
			name = LaunchScreen.storyboard;
			sourceTree = "<group>";
		};
/* End PBXVariantGroup section */

/* Begin XCBuildConfiguration section */
		45DF6412246A3D6600B5A549 /* Debug */ = {
			isa = XCBuildConfiguration;
			buildSettings = {
				ALWAYS_SEARCH_USER_PATHS = NO;
				CLANG_ANALYZER_NONNULL = YES;
				CLANG_ANALYZER_NUMBER_OBJECT_CONVERSION = YES_AGGRESSIVE;
				CLANG_CXX_LANGUAGE_STANDARD = "gnu++14";
				CLANG_CXX_LIBRARY = "libc++";
				CLANG_ENABLE_MODULES = YES;
				CLANG_ENABLE_OBJC_ARC = YES;
				CLANG_ENABLE_OBJC_WEAK = YES;
				CLANG_WARN_BLOCK_CAPTURE_AUTORELEASING = YES;
				CLANG_WARN_BOOL_CONVERSION = YES;
				CLANG_WARN_COMMA = YES;
				CLANG_WARN_CONSTANT_CONVERSION = YES;
				CLANG_WARN_DEPRECATED_OBJC_IMPLEMENTATIONS = YES;
				CLANG_WARN_DIRECT_OBJC_ISA_USAGE = YES_ERROR;
				CLANG_WARN_DOCUMENTATION_COMMENTS = YES;
				CLANG_WARN_EMPTY_BODY = YES;
				CLANG_WARN_ENUM_CONVERSION = YES;
				CLANG_WARN_INFINITE_RECURSION = YES;
				CLANG_WARN_INT_CONVERSION = YES;
				CLANG_WARN_NON_LITERAL_NULL_CONVERSION = YES;
				CLANG_WARN_OBJC_IMPLICIT_RETAIN_SELF = YES;
				CLANG_WARN_OBJC_LITERAL_CONVERSION = YES;
				CLANG_WARN_OBJC_ROOT_CLASS = YES_ERROR;
				CLANG_WARN_RANGE_LOOP_ANALYSIS = YES;
				CLANG_WARN_STRICT_PROTOTYPES = YES;
				CLANG_WARN_SUSPICIOUS_MOVE = YES;
				CLANG_WARN_UNGUARDED_AVAILABILITY = YES_AGGRESSIVE;
				CLANG_WARN_UNREACHABLE_CODE = YES;
				CLANG_WARN__DUPLICATE_METHOD_MATCH = YES;
				COPY_PHASE_STRIP = NO;
				DEBUG_INFORMATION_FORMAT = dwarf;
				ENABLE_STRICT_OBJC_MSGSEND = YES;
				ENABLE_TESTABILITY = YES;
				GCC_C_LANGUAGE_STANDARD = gnu11;
				GCC_DYNAMIC_NO_PIC = NO;
				GCC_NO_COMMON_BLOCKS = YES;
				GCC_OPTIMIZATION_LEVEL = 0;
				GCC_PREPROCESSOR_DEFINITIONS = (
					"DEBUG=1",
					"$(inherited)",
				);
				GCC_WARN_64_TO_32_BIT_CONVERSION = YES;
				GCC_WARN_ABOUT_RETURN_TYPE = YES_ERROR;
				GCC_WARN_UNDECLARED_SELECTOR = YES;
				GCC_WARN_UNINITIALIZED_AUTOS = YES_AGGRESSIVE;
				GCC_WARN_UNUSED_FUNCTION = YES;
				GCC_WARN_UNUSED_VARIABLE = YES;
				IPHONEOS_DEPLOYMENT_TARGET = 13.4;
				MTL_ENABLE_DEBUG_INFO = INCLUDE_SOURCE;
				MTL_FAST_MATH = YES;
				ONLY_ACTIVE_ARCH = YES;
				SDKROOT = iphoneos;
				SWIFT_ACTIVE_COMPILATION_CONDITIONS = DEBUG;
				SWIFT_OPTIMIZATION_LEVEL = "-Onone";
			};
			name = Debug;
		};
		45DF6413246A3D6600B5A549 /* Release */ = {
			isa = XCBuildConfiguration;
			buildSettings = {
				ALWAYS_SEARCH_USER_PATHS = NO;
				CLANG_ANALYZER_NONNULL = YES;
				CLANG_ANALYZER_NUMBER_OBJECT_CONVERSION = YES_AGGRESSIVE;
				CLANG_CXX_LANGUAGE_STANDARD = "gnu++14";
				CLANG_CXX_LIBRARY = "libc++";
				CLANG_ENABLE_MODULES = YES;
				CLANG_ENABLE_OBJC_ARC = YES;
				CLANG_ENABLE_OBJC_WEAK = YES;
				CLANG_WARN_BLOCK_CAPTURE_AUTORELEASING = YES;
				CLANG_WARN_BOOL_CONVERSION = YES;
				CLANG_WARN_COMMA = YES;
				CLANG_WARN_CONSTANT_CONVERSION = YES;
				CLANG_WARN_DEPRECATED_OBJC_IMPLEMENTATIONS = YES;
				CLANG_WARN_DIRECT_OBJC_ISA_USAGE = YES_ERROR;
				CLANG_WARN_DOCUMENTATION_COMMENTS = YES;
				CLANG_WARN_EMPTY_BODY = YES;
				CLANG_WARN_ENUM_CONVERSION = YES;
				CLANG_WARN_INFINITE_RECURSION = YES;
				CLANG_WARN_INT_CONVERSION = YES;
				CLANG_WARN_NON_LITERAL_NULL_CONVERSION = YES;
				CLANG_WARN_OBJC_IMPLICIT_RETAIN_SELF = YES;
				CLANG_WARN_OBJC_LITERAL_CONVERSION = YES;
				CLANG_WARN_OBJC_ROOT_CLASS = YES_ERROR;
				CLANG_WARN_RANGE_LOOP_ANALYSIS = YES;
				CLANG_WARN_STRICT_PROTOTYPES = YES;
				CLANG_WARN_SUSPICIOUS_MOVE = YES;
				CLANG_WARN_UNGUARDED_AVAILABILITY = YES_AGGRESSIVE;
				CLANG_WARN_UNREACHABLE_CODE = YES;
				CLANG_WARN__DUPLICATE_METHOD_MATCH = YES;
				COPY_PHASE_STRIP = NO;
				DEBUG_INFORMATION_FORMAT = "dwarf-with-dsym";
				ENABLE_NS_ASSERTIONS = NO;
				ENABLE_STRICT_OBJC_MSGSEND = YES;
				GCC_C_LANGUAGE_STANDARD = gnu11;
				GCC_NO_COMMON_BLOCKS = YES;
				GCC_WARN_64_TO_32_BIT_CONVERSION = YES;
				GCC_WARN_ABOUT_RETURN_TYPE = YES_ERROR;
				GCC_WARN_UNDECLARED_SELECTOR = YES;
				GCC_WARN_UNINITIALIZED_AUTOS = YES_AGGRESSIVE;
				GCC_WARN_UNUSED_FUNCTION = YES;
				GCC_WARN_UNUSED_VARIABLE = YES;
				IPHONEOS_DEPLOYMENT_TARGET = 13.4;
				MTL_ENABLE_DEBUG_INFO = NO;
				MTL_FAST_MATH = YES;
				SDKROOT = iphoneos;
				SWIFT_COMPILATION_MODE = wholemodule;
				SWIFT_OPTIMIZATION_LEVEL = "-O";
				VALIDATE_PRODUCT = YES;
			};
			name = Release;
		};
		45DF6415246A3D6600B5A549 /* Debug */ = {
			isa = XCBuildConfiguration;
			baseConfigurationReference = 084FD116EAA23FA86C88F081 /* Pods-Parstagram.debug.xcconfig */;
			buildSettings = {
				ASSETCATALOG_COMPILER_APPICON_NAME = AppIcon;
				CODE_SIGN_STYLE = Automatic;
				INFOPLIST_FILE = Parstagram/Info.plist;
				LD_RUNPATH_SEARCH_PATHS = (
					"$(inherited)",
					"@executable_path/Frameworks",
				);
				PRODUCT_BUNDLE_IDENTIFIER = com.example.Parstagram;
				PRODUCT_NAME = "$(TARGET_NAME)";
				SWIFT_VERSION = 5.0;
				TARGETED_DEVICE_FAMILY = "1,2";
			};
			name = Debug;
		};
		45DF6416246A3D6600B5A549 /* Release */ = {
			isa = XCBuildConfiguration;
			baseConfigurationReference = FABEE9AF9CCF9CCC7BEA0204 /* Pods-Parstagram.release.xcconfig */;
			buildSettings = {
				ASSETCATALOG_COMPILER_APPICON_NAME = AppIcon;
				CODE_SIGN_STYLE = Automatic;
				INFOPLIST_FILE = Parstagram/Info.plist;
				LD_RUNPATH_SEARCH_PATHS = (
					"$(inherited)",
					"@executable_path/Frameworks",
				);
				PRODUCT_BUNDLE_IDENTIFIER = com.example.Parstagram;
				PRODUCT_NAME = "$(TARGET_NAME)";
				SWIFT_VERSION = 5.0;
				TARGETED_DEVICE_FAMILY = "1,2";
			};
			name = Release;
		};
		45DF6418246A3D6600B5A549 /* Debug */ = {
			isa = XCBuildConfiguration;
			baseConfigurationReference = E99B9646E1D5B2918F41D987 /* Pods-ParstagramTests.debug.xcconfig */;
			buildSettings = {
				ALWAYS_EMBED_SWIFT_STANDARD_LIBRARIES = YES;
				BUNDLE_LOADER = "$(TEST_HOST)";
				CODE_SIGN_STYLE = Automatic;
				INFOPLIST_FILE = ParstagramTests/Info.plist;
				IPHONEOS_DEPLOYMENT_TARGET = 13.4;
				LD_RUNPATH_SEARCH_PATHS = (
					"$(inherited)",
					"@executable_path/Frameworks",
					"@loader_path/Frameworks",
				);
				PRODUCT_BUNDLE_IDENTIFIER = com.example.ParstagramTests;
				PRODUCT_NAME = "$(TARGET_NAME)";
				SWIFT_VERSION = 5.0;
				TARGETED_DEVICE_FAMILY = "1,2";
				TEST_HOST = "$(BUILT_PRODUCTS_DIR)/Parstagram.app/Parstagram";
			};
			name = Debug;
		};
		45DF6419246A3D6600B5A549 /* Release */ = {
			isa = XCBuildConfiguration;
			baseConfigurationReference = EA2670AC6D96D4F1255446A6 /* Pods-ParstagramTests.release.xcconfig */;
			buildSettings = {
				ALWAYS_EMBED_SWIFT_STANDARD_LIBRARIES = YES;
				BUNDLE_LOADER = "$(TEST_HOST)";
				CODE_SIGN_STYLE = Automatic;
				INFOPLIST_FILE = ParstagramTests/Info.plist;
				IPHONEOS_DEPLOYMENT_TARGET = 13.4;
				LD_RUNPATH_SEARCH_PATHS = (
					"$(inherited)",
					"@executable_path/Frameworks",
					"@loader_path/Frameworks",
				);
				PRODUCT_BUNDLE_IDENTIFIER = com.example.ParstagramTests;
				PRODUCT_NAME = "$(TARGET_NAME)";
				SWIFT_VERSION = 5.0;
				TARGETED_DEVICE_FAMILY = "1,2";
				TEST_HOST = "$(BUILT_PRODUCTS_DIR)/Parstagram.app/Parstagram";
			};
			name = Release;
		};
		45DF641B246A3D6600B5A549 /* Debug */ = {
			isa = XCBuildConfiguration;
			baseConfigurationReference = C46286828D72D92C96AA9DA4 /* Pods-Parstagram-ParstagramUITests.debug.xcconfig */;
			buildSettings = {
				ALWAYS_EMBED_SWIFT_STANDARD_LIBRARIES = YES;
				CODE_SIGN_STYLE = Automatic;
				INFOPLIST_FILE = ParstagramUITests/Info.plist;
				LD_RUNPATH_SEARCH_PATHS = (
					"$(inherited)",
					"@executable_path/Frameworks",
					"@loader_path/Frameworks",
				);
				PRODUCT_BUNDLE_IDENTIFIER = com.example.ParstagramUITests;
				PRODUCT_NAME = "$(TARGET_NAME)";
				SWIFT_VERSION = 5.0;
				TARGETED_DEVICE_FAMILY = "1,2";
				TEST_TARGET_NAME = Parstagram;
			};
			name = Debug;
		};
		45DF641C246A3D6600B5A549 /* Release */ = {
			isa = XCBuildConfiguration;
			baseConfigurationReference = 1442753E50B94474D2CA39B1 /* Pods-Parstagram-ParstagramUITests.release.xcconfig */;
			buildSettings = {
				ALWAYS_EMBED_SWIFT_STANDARD_LIBRARIES = YES;
				CODE_SIGN_STYLE = Automatic;
				INFOPLIST_FILE = ParstagramUITests/Info.plist;
				LD_RUNPATH_SEARCH_PATHS = (
					"$(inherited)",
					"@executable_path/Frameworks",
					"@loader_path/Frameworks",
				);
				PRODUCT_BUNDLE_IDENTIFIER = com.example.ParstagramUITests;
				PRODUCT_NAME = "$(TARGET_NAME)";
				SWIFT_VERSION = 5.0;
				TARGETED_DEVICE_FAMILY = "1,2";
				TEST_TARGET_NAME = Parstagram;
			};
			name = Release;
		};
/* End XCBuildConfiguration section */

/* Begin XCConfigurationList section */
		45DF63E5246A3D6100B5A549 /* Build configuration list for PBXProject "Parstagram" */ = {
			isa = XCConfigurationList;
			buildConfigurations = (
				45DF6412246A3D6600B5A549 /* Debug */,
				45DF6413246A3D6600B5A549 /* Release */,
			);
			defaultConfigurationIsVisible = 0;
			defaultConfigurationName = Release;
		};
		45DF6414246A3D6600B5A549 /* Build configuration list for PBXNativeTarget "Parstagram" */ = {
			isa = XCConfigurationList;
			buildConfigurations = (
				45DF6415246A3D6600B5A549 /* Debug */,
				45DF6416246A3D6600B5A549 /* Release */,
			);
			defaultConfigurationIsVisible = 0;
			defaultConfigurationName = Release;
		};
		45DF6417246A3D6600B5A549 /* Build configuration list for PBXNativeTarget "ParstagramTests" */ = {
			isa = XCConfigurationList;
			buildConfigurations = (
				45DF6418246A3D6600B5A549 /* Debug */,
				45DF6419246A3D6600B5A549 /* Release */,
			);
			defaultConfigurationIsVisible = 0;
			defaultConfigurationName = Release;
		};
		45DF641A246A3D6600B5A549 /* Build configuration list for PBXNativeTarget "ParstagramUITests" */ = {
			isa = XCConfigurationList;
			buildConfigurations = (
				45DF641B246A3D6600B5A549 /* Debug */,
				45DF641C246A3D6600B5A549 /* Release */,
			);
			defaultConfigurationIsVisible = 0;
			defaultConfigurationName = Release;
		};
/* End XCConfigurationList section */
	};
	rootObject = 45DF63E2246A3D6100B5A549 /* Project object */;
}
